
Microsoft Visual Studio Solution File, Format Version 12.00
# Visual Studio Version 17
VisualStudioVersion = 17.6.33723.286
MinimumVisualStudioVersion = 10.0.40219.1
Project("{2150E333-8FDC-42A3-9474-1A3956D46DE8}") = "Microservices", "Microservices", "{CDBC1FC4-792B-4C9E-84C9-821E3F47B39A}"
EndProject
Project("{FAE04EC0-301F-11D3-BF4B-00C04F79EFBC}") = "CustomerWebApi", "CustomerWebApi\CustomerWebApi.csproj", "{0D707129-EAE9-4C59-8160-980E3EB5B174}"
EndProject
Global
	GlobalSection(SolutionConfigurationPlatforms) = preSolution
		Debug|Any CPU = Debug|Any CPU
		Release|Any CPU = Release|Any CPU
	EndGlobalSection
	GlobalSection(ProjectConfigurationPlatforms) = postSolution
		{0D707129-EAE9-4C59-8160-980E3EB5B174}.Debug|Any CPU.ActiveCfg = Debug|Any CPU
		{0D707129-EAE9-4C59-8160-980E3EB5B174}.Debug|Any CPU.Build.0 = Debug|Any CPU
		{0D707129-EAE9-4C59-8160-980E3EB5B174}.Release|Any CPU.ActiveCfg = Release|Any CPU
		{0D707129-EAE9-4C59-8160-980E3EB5B174}.Release|Any CPU.Build.0 = Release|Any CPU
	EndGlobalSection
	GlobalSection(SolutionProperties) = preSolution
		HideSolutionNode = FALSE
	EndGlobalSection
	GlobalSection(NestedProjects) = preSolution
		{0D707129-EAE9-4C59-8160-980E3EB5B174} = {CDBC1FC4-792B-4C9E-84C9-821E3F47B39A}
	EndGlobalSection
	GlobalSection(ExtensibilityGlobals) = postSolution
		SolutionGuid = {BAF2899B-B91A-4E8D-ADB7-A6DD21BDC5ED}
	EndGlobalSection
EndGlobal
